// !$*UTF8*$!
{
	archiveVersion = 1;
	classes = {
	};
	objectVersion = 54;
	objects = {

/* Begin PBXBuildFile section */
		0C80B921A6F3F58F76C31292 /* libPods-ssc_mobile.a in Frameworks */ = {isa = PBXBuildFile; fileRef = 5DCACB8F33CDC322A6C60F78 /* libPods-ssc_mobile.a */; };
		13B07FBF1A68108700A75B9A /* Images.xcassets in Resources */ = {isa = PBXBuildFile; fileRef = 13B07FB51A68108700A75B9A /* Images.xcassets */; };
		761780ED2CA45674006654EE /* AppDelegate.swift in Sources */ = {isa = PBXBuildFile; fileRef = 761780EC2CA45674006654EE /* AppDelegate.swift */; };
		81AB9BB82411601600AC10FF /* LaunchScreen.storyboard in Resources */ = {isa = PBXBuildFile; fileRef = 81AB9BB72411601600AC10FF /* LaunchScreen.storyboard */; };
		8F711A27C9C29C41117A34AE /* PrivacyInfo.xcprivacy in Resources */ = {isa = PBXBuildFile; fileRef = 13B07FB81A68108700A75B9A /* PrivacyInfo.xcprivacy */; };
		AA744669F6E343EDB8478E06 /* Inter-Medium.ttf in Resources */ = {isa = PBXBuildFile; fileRef = 1943B0F0178C4CDAB0E010F9 /* Inter-Medium.ttf */; };
		AD5B01F4CEFF42BE8A5F53DB /* InterDisplay-ExtraLightItalic.ttf in Resources */ = {isa = PBXBuildFile; fileRef = D9A650BAA2074E11A1FA20AF /* InterDisplay-ExtraLightItalic.ttf */; };
		96B639464BAA48269845D70B /* InterDisplay-Bold.ttf in Resources */ = {isa = PBXBuildFile; fileRef = F3CFD6B95729408D816F520A /* InterDisplay-Bold.ttf */; };
		C0C988C6F5224F18B9075C24 /* JetBrainsMono-Thin.ttf in Resources */ = {isa = PBXBuildFile; fileRef = 5E8A30EA45134CE2B8883704 /* JetBrainsMono-Thin.ttf */; };
		5107212C1DE74EA7924A88E8 /* Inter-Light.ttf in Resources */ = {isa = PBXBuildFile; fileRef = 33FC4905A8374D4E8754AC18 /* Inter-Light.ttf */; };
		F6E17B7955044B8BAFF2DB85 /* JetBrainsMono-Bold.ttf in Resources */ = {isa = PBXBuildFile; fileRef = 4C29D21DF6E24E779EC6AF4F /* JetBrainsMono-Bold.ttf */; };
		82E783FA4D7942D2B50A2328 /* JetBrainsMono-Italic.ttf in Resources */ = {isa = PBXBuildFile; fileRef = DFFEB8C9A628460C9C4F946E /* JetBrainsMono-Italic.ttf */; };
		04122FF4F3014412A87091BD /* JetBrainsMono-LightItalic.ttf in Resources */ = {isa = PBXBuildFile; fileRef = DC8F49FFFDB74128AD1EE5A7 /* JetBrainsMono-LightItalic.ttf */; };
		86F5E00D1B094A7381BDE25E /* Inter-ExtraLightItalic.ttf in Resources */ = {isa = PBXBuildFile; fileRef = BBC66D193909491989446DA4 /* Inter-ExtraLightItalic.ttf */; };
		8FB1431DAD324AAFA63B7A21 /* JetBrainsMono-Regular.ttf in Resources */ = {isa = PBXBuildFile; fileRef = 7355AA02AAF44D26A8CEAA19 /* JetBrainsMono-Regular.ttf */; };
		88D63DF0D8A74A6FA0C3AC01 /* InterDisplay-Thin.ttf in Resources */ = {isa = PBXBuildFile; fileRef = 4B3F2F925C0141CB9335108B /* InterDisplay-Thin.ttf */; };
		13FB55BFD9174AC4BB484418 /* InterDisplay-Medium.ttf in Resources */ = {isa = PBXBuildFile; fileRef = 7B2CACC159B54555A6C94134 /* InterDisplay-Medium.ttf */; };
		1FCE30B1382345FEBB2B7814 /* JetBrainsMonoNL-ExtraLightItalic.ttf in Resources */ = {isa = PBXBuildFile; fileRef = DA170A9964284007A6A0CFBE /* JetBrainsMonoNL-ExtraLightItalic.ttf */; };
		B82BC73D34B24C4AA9DFA420 /* Inter-SemiBoldItalic.ttf in Resources */ = {isa = PBXBuildFile; fileRef = 4E9E3351497D4A13916B2FAB /* Inter-SemiBoldItalic.ttf */; };
		5E1910F74F304A77B62CD88E /* Inter-Thin.ttf in Resources */ = {isa = PBXBuildFile; fileRef = A96C71A5537946229CBC4C6D /* Inter-Thin.ttf */; };
		AA0CD5E61ABD4D8B87BDEBE3 /* InterDisplay-ExtraLight.ttf in Resources */ = {isa = PBXBuildFile; fileRef = 14202F2101A44A258EA539D8 /* InterDisplay-ExtraLight.ttf */; };
		BCF5B0A245F647B2972D7BD9 /* Inter-Bold.ttf in Resources */ = {isa = PBXBuildFile; fileRef = 281DDD9E4DD645478F1F782F /* Inter-Bold.ttf */; };
		B3A29E9750B249C0B641D364 /* InterDisplay-SemiBold.ttf in Resources */ = {isa = PBXBuildFile; fileRef = B57221881D454260B289B3E2 /* InterDisplay-SemiBold.ttf */; };
		CB1E038621D94B51A6A30F84 /* JetBrainsMono-ExtraLightItalic.ttf in Resources */ = {isa = PBXBuildFile; fileRef = 7C6DDF7D6B9641768610ACE0 /* JetBrainsMono-ExtraLightItalic.ttf */; };
		07D48CCDEFE94460A70523D7 /* JetBrainsMonoNL-ExtraLight.ttf in Resources */ = {isa = PBXBuildFile; fileRef = 6B294E628C5C408D947C70C0 /* JetBrainsMonoNL-ExtraLight.ttf */; };
		22D96809FC874B5C9578A0E0 /* JetBrainsMonoNL-MediumItalic.ttf in Resources */ = {isa = PBXBuildFile; fileRef = 42BBC7F419554EDF99D5B224 /* JetBrainsMonoNL-MediumItalic.ttf */; };
		DE30F5403FB545E684F4C596 /* JetBrainsMonoNL-ThinItalic.ttf in Resources */ = {isa = PBXBuildFile; fileRef = 5D2AE551AA8F4284BE3BFEFF /* JetBrainsMonoNL-ThinItalic.ttf */; };
		B5C4418D300A4EDBAB5E0A01 /* JetBrainsMonoNL-Light.ttf in Resources */ = {isa = PBXBuildFile; fileRef = 2F2799813FA149A8A208311D /* JetBrainsMonoNL-Light.ttf */; };
		9EAB7A839A434E07AC2719EC /* InterDisplay-Light.ttf in Resources */ = {isa = PBXBuildFile; fileRef = E9C4A59F78FA43E18226C048 /* InterDisplay-Light.ttf */; };
		A02EFD0948304B8194136CD5 /* JetBrainsMonoNL-Italic.ttf in Resources */ = {isa = PBXBuildFile; fileRef = 0BBF78F9EFE243C89271873A /* JetBrainsMonoNL-Italic.ttf */; };
		D6F99ED15C734424B78C9A74 /* InterDisplay-ThinItalic.ttf in Resources */ = {isa = PBXBuildFile; fileRef = 2B400128CF794E21B1A3B146 /* InterDisplay-ThinItalic.ttf */; };
		74DD2AA200CA464D847BBDEA /* JetBrainsMonoNL-BoldItalic.ttf in Resources */ = {isa = PBXBuildFile; fileRef = D41B392F08F94E628726A09C /* JetBrainsMonoNL-BoldItalic.ttf */; };
		13987C9240874B37B2F5B561 /* InterDisplay-BoldItalic.ttf in Resources */ = {isa = PBXBuildFile; fileRef = AB0A9155C6E149B69F103464 /* InterDisplay-BoldItalic.ttf */; };
		18510047628D4A9F8B097648 /* Inter-Regular.ttf in Resources */ = {isa = PBXBuildFile; fileRef = 3128983E69FE43B6ACF0FE04 /* Inter-Regular.ttf */; };
		DC001993AA9943C8BDD3A056 /* JetBrainsMonoNL-SemiBold.ttf in Resources */ = {isa = PBXBuildFile; fileRef = FA58414EF1724C149E72C488 /* JetBrainsMonoNL-SemiBold.ttf */; };
		69C0D99780EC40E4978B9488 /* JetBrainsMono-SemiBoldItalic.ttf in Resources */ = {isa = PBXBuildFile; fileRef = 4482CDCCC06247B3A061B640 /* JetBrainsMono-SemiBoldItalic.ttf */; };
		E6C1F18E8916471DAF013AD3 /* JetBrainsMonoNL-LightItalic.ttf in Resources */ = {isa = PBXBuildFile; fileRef = FD5234D71EFE4D5199DB94A2 /* JetBrainsMonoNL-LightItalic.ttf */; };
		0E59987A97594497882895F0 /* InterDisplay-Black.ttf in Resources */ = {isa = PBXBuildFile; fileRef = 234FFB3EA1B8411DA6DBA17D /* InterDisplay-Black.ttf */; };
		E378D44F9463432D9F9E0D01 /* JetBrainsMono-Light.ttf in Resources */ = {isa = PBXBuildFile; fileRef = FCBC22124E834BE3B095DFB4 /* JetBrainsMono-Light.ttf */; };
		C1A8EAAEDCB24A6C94A9D703 /* InterDisplay-BlackItalic.ttf in Resources */ = {isa = PBXBuildFile; fileRef = C686EEF736A646E19E6DC842 /* InterDisplay-BlackItalic.ttf */; };
		9439E912CBB84154BBA24EDC /* JetBrainsMono-MediumItalic.ttf in Resources */ = {isa = PBXBuildFile; fileRef = 4D41E8CE5A944C95BE4FC2C0 /* JetBrainsMono-MediumItalic.ttf */; };
		7693EDDDCA5E48ADB7147B38 /* JetBrainsMono-ExtraBold.ttf in Resources */ = {isa = PBXBuildFile; fileRef = ACFCBFD5DC034D8993B34AD6 /* JetBrainsMono-ExtraBold.ttf */; };
		19BCEEFD589E49E280C2F322 /* JetBrainsMono-SemiBold.ttf in Resources */ = {isa = PBXBuildFile; fileRef = A8F579D85D194AF5B5E8D80E /* JetBrainsMono-SemiBold.ttf */; };
		5B219E085411448D87EF4668 /* Inter-LightItalic.ttf in Resources */ = {isa = PBXBuildFile; fileRef = 031C6A8C9ABB4B5AB9C3C1CD /* Inter-LightItalic.ttf */; };
		A7C30BA19AAE442ABB68F0D4 /* Inter-ExtraBold.ttf in Resources */ = {isa = PBXBuildFile; fileRef = 33AA3145766D4569BFC23606 /* Inter-ExtraBold.ttf */; };
		407EAF7595F247599D732E01 /* Inter-ThinItalic.ttf in Resources */ = {isa = PBXBuildFile; fileRef = C02B2B2D828949C4B351D060 /* Inter-ThinItalic.ttf */; };
		8397F7365FDC4AFDA5F318C1 /* JetBrainsMonoNL-Regular.ttf in Resources */ = {isa = PBXBuildFile; fileRef = 560CD98877D542569C2DB913 /* JetBrainsMonoNL-Regular.ttf */; };
		E4368C3785444550B8494790 /* Inter-ExtraLight.ttf in Resources */ = {isa = PBXBuildFile; fileRef = B2495CB5FB4542DCA2F3D0DA /* Inter-ExtraLight.ttf */; };
		BDD09556363B43E187C2332B /* Inter-BoldItalic.ttf in Resources */ = {isa = PBXBuildFile; fileRef = 3028D13BD0494682B5932AAD /* Inter-BoldItalic.ttf */; };
		72DDEC917BA44B2E987CDDB1 /* Inter-ExtraBoldItalic.ttf in Resources */ = {isa = PBXBuildFile; fileRef = F0639B2DD21E4A5FA91BBDB7 /* Inter-ExtraBoldItalic.ttf */; };
		8EB1F1E9FFF644C5A7DE6D52 /* JetBrainsMonoNL-Medium.ttf in Resources */ = {isa = PBXBuildFile; fileRef = 0FE55AFD6744473FB73765C6 /* JetBrainsMonoNL-Medium.ttf */; };
		DD87E3F2BECD4BCBB838CBBB /* InterDisplay-ExtraBold.ttf in Resources */ = {isa = PBXBuildFile; fileRef = 1FE4620CC57746208C160166 /* InterDisplay-ExtraBold.ttf */; };
		266CD666C67546F4864C0DAB /* JetBrainsMonoNL-Thin.ttf in Resources */ = {isa = PBXBuildFile; fileRef = CCB69FFA7E6141D29AE86508 /* JetBrainsMonoNL-Thin.ttf */; };
		1628FE8682964628ACADC5A7 /* Inter-MediumItalic.ttf in Resources */ = {isa = PBXBuildFile; fileRef = 4EA9B1FE53CF4289B9631035 /* Inter-MediumItalic.ttf */; };
		9226C0071D314F68AD073D32 /* Inter-Black.ttf in Resources */ = {isa = PBXBuildFile; fileRef = C5D4D097B7A6476F9443083D /* Inter-Black.ttf */; };
		1EAE8143E55E4E9C8446D83B /* JetBrainsMonoNL-SemiBoldItalic.ttf in Resources */ = {isa = PBXBuildFile; fileRef = 14B38D280B3D43408920A41D /* JetBrainsMonoNL-SemiBoldItalic.ttf */; };
		176621E8D52540F6A8C0B5A2 /* JetBrainsMonoNL-ExtraBoldItalic.ttf in Resources */ = {isa = PBXBuildFile; fileRef = 149860022CD344F1853282A1 /* JetBrainsMonoNL-ExtraBoldItalic.ttf */; };
		E211A72078C74F70B21886DF /* Inter-Italic.ttf in Resources */ = {isa = PBXBuildFile; fileRef = 90C8B2E23F944DA792EE0411 /* Inter-Italic.ttf */; };
		17DE64D7BD3A43D3BAFF2B6F /* JetBrainsMono-ExtraBoldItalic.ttf in Resources */ = {isa = PBXBuildFile; fileRef = C3BA957F0C87461B8742D0D1 /* JetBrainsMono-ExtraBoldItalic.ttf */; };
		5B05103616D94F0FAA3974B2 /* InterDisplay-MediumItalic.ttf in Resources */ = {isa = PBXBuildFile; fileRef = 26E2AA9B2EC140BAA3635FA3 /* InterDisplay-MediumItalic.ttf */; };
		E6BE508091284BE0945AD5EC /* JetBrainsMono-ThinItalic.ttf in Resources */ = {isa = PBXBuildFile; fileRef = 74CBFEA73D8F43108F57EB06 /* JetBrainsMono-ThinItalic.ttf */; };
		6D24BEBC733F42D5B401C4A7 /* InterDisplay-Italic.ttf in Resources */ = {isa = PBXBuildFile; fileRef = 5571E7424C5C4AE0BB51062A /* InterDisplay-Italic.ttf */; };
		F708696CD2A043A2A63472BA /* InterDisplay-ExtraBoldItalic.ttf in Resources */ = {isa = PBXBuildFile; fileRef = 23DA78D2F1A847EBACA95C99 /* InterDisplay-ExtraBoldItalic.ttf */; };
		7B0F9D94EC32428EA7714181 /* JetBrainsMonoNL-ExtraBold.ttf in Resources */ = {isa = PBXBuildFile; fileRef = 554E716C969644A48F124A4C /* JetBrainsMonoNL-ExtraBold.ttf */; };
		694F3FDF6EC54E8FAEC23F2A /* InterDisplay-LightItalic.ttf in Resources */ = {isa = PBXBuildFile; fileRef = B0228196F8E34FC2A55D51A5 /* InterDisplay-LightItalic.ttf */; };
		956CC2DFA4574410968DC965 /* JetBrainsMono-ExtraLight.ttf in Resources */ = {isa = PBXBuildFile; fileRef = 080C2A7FD59641BF9DFDA05B /* JetBrainsMono-ExtraLight.ttf */; };
		9F284E75CED440AF8338149C /* Inter-BlackItalic.ttf in Resources */ = {isa = PBXBuildFile; fileRef = 488DC8C4F0D840608EE6BCD7 /* Inter-BlackItalic.ttf */; };
		C55D9FD8503848459437F868 /* JetBrainsMono-Medium.ttf in Resources */ = {isa = PBXBuildFile; fileRef = CC08D6D6B73345BB9614F752 /* JetBrainsMono-Medium.ttf */; };
		9D7869DA86024A79A55812CF /* Inter-SemiBold.ttf in Resources */ = {isa = PBXBuildFile; fileRef = F651A57A59C74C66BE609D65 /* Inter-SemiBold.ttf */; };
		73EE44BA04AB4E69B8E57A07 /* JetBrainsMono-BoldItalic.ttf in Resources */ = {isa = PBXBuildFile; fileRef = A0A8A0F0451D4B758BCD15B7 /* JetBrainsMono-BoldItalic.ttf */; };
		3271A7121D794FC1AA747348 /* InterDisplay-Regular.ttf in Resources */ = {isa = PBXBuildFile; fileRef = CCA77254898F464281D4BBAD /* InterDisplay-Regular.ttf */; };
		B9BB07BE7C90474EA9766C89 /* JetBrainsMonoNL-Bold.ttf in Resources */ = {isa = PBXBuildFile; fileRef = 3EA85D7A55464F23800B6BA2 /* JetBrainsMonoNL-Bold.ttf */; };
		CFF881CEFB734ABC94C1FB35 /* InterDisplay-SemiBoldItalic.ttf in Resources */ = {isa = PBXBuildFile; fileRef = 5DED25918D9D4614AFE240A6 /* InterDisplay-SemiBoldItalic.ttf */; };
/* End PBXBuildFile section */

/* Begin PBXFileReference section */
		13B07F961A680F5B00A75B9A /* ssc_mobile.app */ = {isa = PBXFileReference; explicitFileType = wrapper.application; includeInIndex = 0; path = ssc_mobile.app; sourceTree = BUILT_PRODUCTS_DIR; };
		13B07FB51A68108700A75B9A /* Images.xcassets */ = {isa = PBXFileReference; lastKnownFileType = folder.assetcatalog; name = Images.xcassets; path = ssc_mobile/Images.xcassets; sourceTree = "<group>"; };
		13B07FB61A68108700A75B9A /* Info.plist */ = {isa = PBXFileReference; fileEncoding = 4; lastKnownFileType = text.plist.xml; name = Info.plist; path = ssc_mobile/Info.plist; sourceTree = "<group>"; };
		13B07FB81A68108700A75B9A /* PrivacyInfo.xcprivacy */ = {isa = PBXFileReference; fileEncoding = 4; lastKnownFileType = text.plist.xml; name = PrivacyInfo.xcprivacy; path = ssc_mobile/PrivacyInfo.xcprivacy; sourceTree = "<group>"; };
		3B4392A12AC88292D35C810B /* Pods-ssc_mobile.debug.xcconfig */ = {isa = PBXFileReference; includeInIndex = 1; lastKnownFileType = text.xcconfig; name = "Pods-ssc_mobile.debug.xcconfig"; path = "Target Support Files/Pods-ssc_mobile/Pods-ssc_mobile.debug.xcconfig"; sourceTree = "<group>"; };
		5709B34CF0A7D63546082F79 /* Pods-ssc_mobile.release.xcconfig */ = {isa = PBXFileReference; includeInIndex = 1; lastKnownFileType = text.xcconfig; name = "Pods-ssc_mobile.release.xcconfig"; path = "Target Support Files/Pods-ssc_mobile/Pods-ssc_mobile.release.xcconfig"; sourceTree = "<group>"; };
		5DCACB8F33CDC322A6C60F78 /* libPods-ssc_mobile.a */ = {isa = PBXFileReference; explicitFileType = archive.ar; includeInIndex = 0; path = "libPods-ssc_mobile.a"; sourceTree = BUILT_PRODUCTS_DIR; };
		761780EC2CA45674006654EE /* AppDelegate.swift */ = {isa = PBXFileReference; lastKnownFileType = sourcecode.swift; name = AppDelegate.swift; path = ssc_mobile/AppDelegate.swift; sourceTree = "<group>"; };
		81AB9BB72411601600AC10FF /* LaunchScreen.storyboard */ = {isa = PBXFileReference; fileEncoding = 4; lastKnownFileType = file.storyboard; name = LaunchScreen.storyboard; path = ssc_mobile/LaunchScreen.storyboard; sourceTree = "<group>"; };
		ED297162215061F000B7C4FE /* JavaScriptCore.framework */ = {isa = PBXFileReference; lastKnownFileType = wrapper.framework; name = JavaScriptCore.framework; path = System/Library/Frameworks/JavaScriptCore.framework; sourceTree = SDKROOT; };
		1943B0F0178C4CDAB0E010F9 /* Inter-Medium.ttf */ = {isa = PBXFileReference; name = "Inter-Medium.ttf"; path = "../assets/fonts/Inter-Medium.ttf"; sourceTree = "<group>"; fileEncoding = undefined; lastKnownFileType = unknown; explicitFileType = undefined; includeInIndex = 0; };
		D9A650BAA2074E11A1FA20AF /* InterDisplay-ExtraLightItalic.ttf */ = {isa = PBXFileReference; name = "InterDisplay-ExtraLightItalic.ttf"; path = "../assets/fonts/InterDisplay-ExtraLightItalic.ttf"; sourceTree = "<group>"; fileEncoding = undefined; lastKnownFileType = unknown; explicitFileType = undefined; includeInIndex = 0; };
		F3CFD6B95729408D816F520A /* InterDisplay-Bold.ttf */ = {isa = PBXFileReference; name = "InterDisplay-Bold.ttf"; path = "../assets/fonts/InterDisplay-Bold.ttf"; sourceTree = "<group>"; fileEncoding = undefined; lastKnownFileType = unknown; explicitFileType = undefined; includeInIndex = 0; };
		5E8A30EA45134CE2B8883704 /* JetBrainsMono-Thin.ttf */ = {isa = PBXFileReference; name = "JetBrainsMono-Thin.ttf"; path = "../assets/fonts/JetBrainsMono-Thin.ttf"; sourceTree = "<group>"; fileEncoding = undefined; lastKnownFileType = unknown; explicitFileType = undefined; includeInIndex = 0; };
		33FC4905A8374D4E8754AC18 /* Inter-Light.ttf */ = {isa = PBXFileReference; name = "Inter-Light.ttf"; path = "../assets/fonts/Inter-Light.ttf"; sourceTree = "<group>"; fileEncoding = undefined; lastKnownFileType = unknown; explicitFileType = undefined; includeInIndex = 0; };
		4C29D21DF6E24E779EC6AF4F /* JetBrainsMono-Bold.ttf */ = {isa = PBXFileReference; name = "JetBrainsMono-Bold.ttf"; path = "../assets/fonts/JetBrainsMono-Bold.ttf"; sourceTree = "<group>"; fileEncoding = undefined; lastKnownFileType = unknown; explicitFileType = undefined; includeInIndex = 0; };
		DFFEB8C9A628460C9C4F946E /* JetBrainsMono-Italic.ttf */ = {isa = PBXFileReference; name = "JetBrainsMono-Italic.ttf"; path = "../assets/fonts/JetBrainsMono-Italic.ttf"; sourceTree = "<group>"; fileEncoding = undefined; lastKnownFileType = unknown; explicitFileType = undefined; includeInIndex = 0; };
		DC8F49FFFDB74128AD1EE5A7 /* JetBrainsMono-LightItalic.ttf */ = {isa = PBXFileReference; name = "JetBrainsMono-LightItalic.ttf"; path = "../assets/fonts/JetBrainsMono-LightItalic.ttf"; sourceTree = "<group>"; fileEncoding = undefined; lastKnownFileType = unknown; explicitFileType = undefined; includeInIndex = 0; };
		BBC66D193909491989446DA4 /* Inter-ExtraLightItalic.ttf */ = {isa = PBXFileReference; name = "Inter-ExtraLightItalic.ttf"; path = "../assets/fonts/Inter-ExtraLightItalic.ttf"; sourceTree = "<group>"; fileEncoding = undefined; lastKnownFileType = unknown; explicitFileType = undefined; includeInIndex = 0; };
		7355AA02AAF44D26A8CEAA19 /* JetBrainsMono-Regular.ttf */ = {isa = PBXFileReference; name = "JetBrainsMono-Regular.ttf"; path = "../assets/fonts/JetBrainsMono-Regular.ttf"; sourceTree = "<group>"; fileEncoding = undefined; lastKnownFileType = unknown; explicitFileType = undefined; includeInIndex = 0; };
		4B3F2F925C0141CB9335108B /* InterDisplay-Thin.ttf */ = {isa = PBXFileReference; name = "InterDisplay-Thin.ttf"; path = "../assets/fonts/InterDisplay-Thin.ttf"; sourceTree = "<group>"; fileEncoding = undefined; lastKnownFileType = unknown; explicitFileType = undefined; includeInIndex = 0; };
		7B2CACC159B54555A6C94134 /* InterDisplay-Medium.ttf */ = {isa = PBXFileReference; name = "InterDisplay-Medium.ttf"; path = "../assets/fonts/InterDisplay-Medium.ttf"; sourceTree = "<group>"; fileEncoding = undefined; lastKnownFileType = unknown; explicitFileType = undefined; includeInIndex = 0; };
		DA170A9964284007A6A0CFBE /* JetBrainsMonoNL-ExtraLightItalic.ttf */ = {isa = PBXFileReference; name = "JetBrainsMonoNL-ExtraLightItalic.ttf"; path = "../assets/fonts/JetBrainsMonoNL-ExtraLightItalic.ttf"; sourceTree = "<group>"; fileEncoding = undefined; lastKnownFileType = unknown; explicitFileType = undefined; includeInIndex = 0; };
		4E9E3351497D4A13916B2FAB /* Inter-SemiBoldItalic.ttf */ = {isa = PBXFileReference; name = "Inter-SemiBoldItalic.ttf"; path = "../assets/fonts/Inter-SemiBoldItalic.ttf"; sourceTree = "<group>"; fileEncoding = undefined; lastKnownFileType = unknown; explicitFileType = undefined; includeInIndex = 0; };
		A96C71A5537946229CBC4C6D /* Inter-Thin.ttf */ = {isa = PBXFileReference; name = "Inter-Thin.ttf"; path = "../assets/fonts/Inter-Thin.ttf"; sourceTree = "<group>"; fileEncoding = undefined; lastKnownFileType = unknown; explicitFileType = undefined; includeInIndex = 0; };
		14202F2101A44A258EA539D8 /* InterDisplay-ExtraLight.ttf */ = {isa = PBXFileReference; name = "InterDisplay-ExtraLight.ttf"; path = "../assets/fonts/InterDisplay-ExtraLight.ttf"; sourceTree = "<group>"; fileEncoding = undefined; lastKnownFileType = unknown; explicitFileType = undefined; includeInIndex = 0; };
		281DDD9E4DD645478F1F782F /* Inter-Bold.ttf */ = {isa = PBXFileReference; name = "Inter-Bold.ttf"; path = "../assets/fonts/Inter-Bold.ttf"; sourceTree = "<group>"; fileEncoding = undefined; lastKnownFileType = unknown; explicitFileType = undefined; includeInIndex = 0; };
		B57221881D454260B289B3E2 /* InterDisplay-SemiBold.ttf */ = {isa = PBXFileReference; name = "InterDisplay-SemiBold.ttf"; path = "../assets/fonts/InterDisplay-SemiBold.ttf"; sourceTree = "<group>"; fileEncoding = undefined; lastKnownFileType = unknown; explicitFileType = undefined; includeInIndex = 0; };
		7C6DDF7D6B9641768610ACE0 /* JetBrainsMono-ExtraLightItalic.ttf */ = {isa = PBXFileReference; name = "JetBrainsMono-ExtraLightItalic.ttf"; path = "../assets/fonts/JetBrainsMono-ExtraLightItalic.ttf"; sourceTree = "<group>"; fileEncoding = undefined; lastKnownFileType = unknown; explicitFileType = undefined; includeInIndex = 0; };
		6B294E628C5C408D947C70C0 /* JetBrainsMonoNL-ExtraLight.ttf */ = {isa = PBXFileReference; name = "JetBrainsMonoNL-ExtraLight.ttf"; path = "../assets/fonts/JetBrainsMonoNL-ExtraLight.ttf"; sourceTree = "<group>"; fileEncoding = undefined; lastKnownFileType = unknown; explicitFileType = undefined; includeInIndex = 0; };
		42BBC7F419554EDF99D5B224 /* JetBrainsMonoNL-MediumItalic.ttf */ = {isa = PBXFileReference; name = "JetBrainsMonoNL-MediumItalic.ttf"; path = "../assets/fonts/JetBrainsMonoNL-MediumItalic.ttf"; sourceTree = "<group>"; fileEncoding = undefined; lastKnownFileType = unknown; explicitFileType = undefined; includeInIndex = 0; };
		5D2AE551AA8F4284BE3BFEFF /* JetBrainsMonoNL-ThinItalic.ttf */ = {isa = PBXFileReference; name = "JetBrainsMonoNL-ThinItalic.ttf"; path = "../assets/fonts/JetBrainsMonoNL-ThinItalic.ttf"; sourceTree = "<group>"; fileEncoding = undefined; lastKnownFileType = unknown; explicitFileType = undefined; includeInIndex = 0; };
		2F2799813FA149A8A208311D /* JetBrainsMonoNL-Light.ttf */ = {isa = PBXFileReference; name = "JetBrainsMonoNL-Light.ttf"; path = "../assets/fonts/JetBrainsMonoNL-Light.ttf"; sourceTree = "<group>"; fileEncoding = undefined; lastKnownFileType = unknown; explicitFileType = undefined; includeInIndex = 0; };
		E9C4A59F78FA43E18226C048 /* InterDisplay-Light.ttf */ = {isa = PBXFileReference; name = "InterDisplay-Light.ttf"; path = "../assets/fonts/InterDisplay-Light.ttf"; sourceTree = "<group>"; fileEncoding = undefined; lastKnownFileType = unknown; explicitFileType = undefined; includeInIndex = 0; };
		0BBF78F9EFE243C89271873A /* JetBrainsMonoNL-Italic.ttf */ = {isa = PBXFileReference; name = "JetBrainsMonoNL-Italic.ttf"; path = "../assets/fonts/JetBrainsMonoNL-Italic.ttf"; sourceTree = "<group>"; fileEncoding = undefined; lastKnownFileType = unknown; explicitFileType = undefined; includeInIndex = 0; };
		2B400128CF794E21B1A3B146 /* InterDisplay-ThinItalic.ttf */ = {isa = PBXFileReference; name = "InterDisplay-ThinItalic.ttf"; path = "../assets/fonts/InterDisplay-ThinItalic.ttf"; sourceTree = "<group>"; fileEncoding = undefined; lastKnownFileType = unknown; explicitFileType = undefined; includeInIndex = 0; };
		D41B392F08F94E628726A09C /* JetBrainsMonoNL-BoldItalic.ttf */ = {isa = PBXFileReference; name = "JetBrainsMonoNL-BoldItalic.ttf"; path = "../assets/fonts/JetBrainsMonoNL-BoldItalic.ttf"; sourceTree = "<group>"; fileEncoding = undefined; lastKnownFileType = unknown; explicitFileType = undefined; includeInIndex = 0; };
		AB0A9155C6E149B69F103464 /* InterDisplay-BoldItalic.ttf */ = {isa = PBXFileReference; name = "InterDisplay-BoldItalic.ttf"; path = "../assets/fonts/InterDisplay-BoldItalic.ttf"; sourceTree = "<group>"; fileEncoding = undefined; lastKnownFileType = unknown; explicitFileType = undefined; includeInIndex = 0; };
		3128983E69FE43B6ACF0FE04 /* Inter-Regular.ttf */ = {isa = PBXFileReference; name = "Inter-Regular.ttf"; path = "../assets/fonts/Inter-Regular.ttf"; sourceTree = "<group>"; fileEncoding = undefined; lastKnownFileType = unknown; explicitFileType = undefined; includeInIndex = 0; };
		FA58414EF1724C149E72C488 /* JetBrainsMonoNL-SemiBold.ttf */ = {isa = PBXFileReference; name = "JetBrainsMonoNL-SemiBold.ttf"; path = "../assets/fonts/JetBrainsMonoNL-SemiBold.ttf"; sourceTree = "<group>"; fileEncoding = undefined; lastKnownFileType = unknown; explicitFileType = undefined; includeInIndex = 0; };
		4482CDCCC06247B3A061B640 /* JetBrainsMono-SemiBoldItalic.ttf */ = {isa = PBXFileReference; name = "JetBrainsMono-SemiBoldItalic.ttf"; path = "../assets/fonts/JetBrainsMono-SemiBoldItalic.ttf"; sourceTree = "<group>"; fileEncoding = undefined; lastKnownFileType = unknown; explicitFileType = undefined; includeInIndex = 0; };
		FD5234D71EFE4D5199DB94A2 /* JetBrainsMonoNL-LightItalic.ttf */ = {isa = PBXFileReference; name = "JetBrainsMonoNL-LightItalic.ttf"; path = "../assets/fonts/JetBrainsMonoNL-LightItalic.ttf"; sourceTree = "<group>"; fileEncoding = undefined; lastKnownFileType = unknown; explicitFileType = undefined; includeInIndex = 0; };
		234FFB3EA1B8411DA6DBA17D /* InterDisplay-Black.ttf */ = {isa = PBXFileReference; name = "InterDisplay-Black.ttf"; path = "../assets/fonts/InterDisplay-Black.ttf"; sourceTree = "<group>"; fileEncoding = undefined; lastKnownFileType = unknown; explicitFileType = undefined; includeInIndex = 0; };
		FCBC22124E834BE3B095DFB4 /* JetBrainsMono-Light.ttf */ = {isa = PBXFileReference; name = "JetBrainsMono-Light.ttf"; path = "../assets/fonts/JetBrainsMono-Light.ttf"; sourceTree = "<group>"; fileEncoding = undefined; lastKnownFileType = unknown; explicitFileType = undefined; includeInIndex = 0; };
		C686EEF736A646E19E6DC842 /* InterDisplay-BlackItalic.ttf */ = {isa = PBXFileReference; name = "InterDisplay-BlackItalic.ttf"; path = "../assets/fonts/InterDisplay-BlackItalic.ttf"; sourceTree = "<group>"; fileEncoding = undefined; lastKnownFileType = unknown; explicitFileType = undefined; includeInIndex = 0; };
		4D41E8CE5A944C95BE4FC2C0 /* JetBrainsMono-MediumItalic.ttf */ = {isa = PBXFileReference; name = "JetBrainsMono-MediumItalic.ttf"; path = "../assets/fonts/JetBrainsMono-MediumItalic.ttf"; sourceTree = "<group>"; fileEncoding = undefined; lastKnownFileType = unknown; explicitFileType = undefined; includeInIndex = 0; };
		ACFCBFD5DC034D8993B34AD6 /* JetBrainsMono-ExtraBold.ttf */ = {isa = PBXFileReference; name = "JetBrainsMono-ExtraBold.ttf"; path = "../assets/fonts/JetBrainsMono-ExtraBold.ttf"; sourceTree = "<group>"; fileEncoding = undefined; lastKnownFileType = unknown; explicitFileType = undefined; includeInIndex = 0; };
		A8F579D85D194AF5B5E8D80E /* JetBrainsMono-SemiBold.ttf */ = {isa = PBXFileReference; name = "JetBrainsMono-SemiBold.ttf"; path = "../assets/fonts/JetBrainsMono-SemiBold.ttf"; sourceTree = "<group>"; fileEncoding = undefined; lastKnownFileType = unknown; explicitFileType = undefined; includeInIndex = 0; };
		031C6A8C9ABB4B5AB9C3C1CD /* Inter-LightItalic.ttf */ = {isa = PBXFileReference; name = "Inter-LightItalic.ttf"; path = "../assets/fonts/Inter-LightItalic.ttf"; sourceTree = "<group>"; fileEncoding = undefined; lastKnownFileType = unknown; explicitFileType = undefined; includeInIndex = 0; };
		33AA3145766D4569BFC23606 /* Inter-ExtraBold.ttf */ = {isa = PBXFileReference; name = "Inter-ExtraBold.ttf"; path = "../assets/fonts/Inter-ExtraBold.ttf"; sourceTree = "<group>"; fileEncoding = undefined; lastKnownFileType = unknown; explicitFileType = undefined; includeInIndex = 0; };
		C02B2B2D828949C4B351D060 /* Inter-ThinItalic.ttf */ = {isa = PBXFileReference; name = "Inter-ThinItalic.ttf"; path = "../assets/fonts/Inter-ThinItalic.ttf"; sourceTree = "<group>"; fileEncoding = undefined; lastKnownFileType = unknown; explicitFileType = undefined; includeInIndex = 0; };
		560CD98877D542569C2DB913 /* JetBrainsMonoNL-Regular.ttf */ = {isa = PBXFileReference; name = "JetBrainsMonoNL-Regular.ttf"; path = "../assets/fonts/JetBrainsMonoNL-Regular.ttf"; sourceTree = "<group>"; fileEncoding = undefined; lastKnownFileType = unknown; explicitFileType = undefined; includeInIndex = 0; };
		B2495CB5FB4542DCA2F3D0DA /* Inter-ExtraLight.ttf */ = {isa = PBXFileReference; name = "Inter-ExtraLight.ttf"; path = "../assets/fonts/Inter-ExtraLight.ttf"; sourceTree = "<group>"; fileEncoding = undefined; lastKnownFileType = unknown; explicitFileType = undefined; includeInIndex = 0; };
		3028D13BD0494682B5932AAD /* Inter-BoldItalic.ttf */ = {isa = PBXFileReference; name = "Inter-BoldItalic.ttf"; path = "../assets/fonts/Inter-BoldItalic.ttf"; sourceTree = "<group>"; fileEncoding = undefined; lastKnownFileType = unknown; explicitFileType = undefined; includeInIndex = 0; };
		F0639B2DD21E4A5FA91BBDB7 /* Inter-ExtraBoldItalic.ttf */ = {isa = PBXFileReference; name = "Inter-ExtraBoldItalic.ttf"; path = "../assets/fonts/Inter-ExtraBoldItalic.ttf"; sourceTree = "<group>"; fileEncoding = undefined; lastKnownFileType = unknown; explicitFileType = undefined; includeInIndex = 0; };
		0FE55AFD6744473FB73765C6 /* JetBrainsMonoNL-Medium.ttf */ = {isa = PBXFileReference; name = "JetBrainsMonoNL-Medium.ttf"; path = "../assets/fonts/JetBrainsMonoNL-Medium.ttf"; sourceTree = "<group>"; fileEncoding = undefined; lastKnownFileType = unknown; explicitFileType = undefined; includeInIndex = 0; };
		1FE4620CC57746208C160166 /* InterDisplay-ExtraBold.ttf */ = {isa = PBXFileReference; name = "InterDisplay-ExtraBold.ttf"; path = "../assets/fonts/InterDisplay-ExtraBold.ttf"; sourceTree = "<group>"; fileEncoding = undefined; lastKnownFileType = unknown; explicitFileType = undefined; includeInIndex = 0; };
		CCB69FFA7E6141D29AE86508 /* JetBrainsMonoNL-Thin.ttf */ = {isa = PBXFileReference; name = "JetBrainsMonoNL-Thin.ttf"; path = "../assets/fonts/JetBrainsMonoNL-Thin.ttf"; sourceTree = "<group>"; fileEncoding = undefined; lastKnownFileType = unknown; explicitFileType = undefined; includeInIndex = 0; };
		4EA9B1FE53CF4289B9631035 /* Inter-MediumItalic.ttf */ = {isa = PBXFileReference; name = "Inter-MediumItalic.ttf"; path = "../assets/fonts/Inter-MediumItalic.ttf"; sourceTree = "<group>"; fileEncoding = undefined; lastKnownFileType = unknown; explicitFileType = undefined; includeInIndex = 0; };
		C5D4D097B7A6476F9443083D /* Inter-Black.ttf */ = {isa = PBXFileReference; name = "Inter-Black.ttf"; path = "../assets/fonts/Inter-Black.ttf"; sourceTree = "<group>"; fileEncoding = undefined; lastKnownFileType = unknown; explicitFileType = undefined; includeInIndex = 0; };
		14B38D280B3D43408920A41D /* JetBrainsMonoNL-SemiBoldItalic.ttf */ = {isa = PBXFileReference; name = "JetBrainsMonoNL-SemiBoldItalic.ttf"; path = "../assets/fonts/JetBrainsMonoNL-SemiBoldItalic.ttf"; sourceTree = "<group>"; fileEncoding = undefined; lastKnownFileType = unknown; explicitFileType = undefined; includeInIndex = 0; };
		149860022CD344F1853282A1 /* JetBrainsMonoNL-ExtraBoldItalic.ttf */ = {isa = PBXFileReference; name = "JetBrainsMonoNL-ExtraBoldItalic.ttf"; path = "../assets/fonts/JetBrainsMonoNL-ExtraBoldItalic.ttf"; sourceTree = "<group>"; fileEncoding = undefined; lastKnownFileType = unknown; explicitFileType = undefined; includeInIndex = 0; };
		90C8B2E23F944DA792EE0411 /* Inter-Italic.ttf */ = {isa = PBXFileReference; name = "Inter-Italic.ttf"; path = "../assets/fonts/Inter-Italic.ttf"; sourceTree = "<group>"; fileEncoding = undefined; lastKnownFileType = unknown; explicitFileType = undefined; includeInIndex = 0; };
		C3BA957F0C87461B8742D0D1 /* JetBrainsMono-ExtraBoldItalic.ttf */ = {isa = PBXFileReference; name = "JetBrainsMono-ExtraBoldItalic.ttf"; path = "../assets/fonts/JetBrainsMono-ExtraBoldItalic.ttf"; sourceTree = "<group>"; fileEncoding = undefined; lastKnownFileType = unknown; explicitFileType = undefined; includeInIndex = 0; };
		26E2AA9B2EC140BAA3635FA3 /* InterDisplay-MediumItalic.ttf */ = {isa = PBXFileReference; name = "InterDisplay-MediumItalic.ttf"; path = "../assets/fonts/InterDisplay-MediumItalic.ttf"; sourceTree = "<group>"; fileEncoding = undefined; lastKnownFileType = unknown; explicitFileType = undefined; includeInIndex = 0; };
		74CBFEA73D8F43108F57EB06 /* JetBrainsMono-ThinItalic.ttf */ = {isa = PBXFileReference; name = "JetBrainsMono-ThinItalic.ttf"; path = "../assets/fonts/JetBrainsMono-ThinItalic.ttf"; sourceTree = "<group>"; fileEncoding = undefined; lastKnownFileType = unknown; explicitFileType = undefined; includeInIndex = 0; };
		5571E7424C5C4AE0BB51062A /* InterDisplay-Italic.ttf */ = {isa = PBXFileReference; name = "InterDisplay-Italic.ttf"; path = "../assets/fonts/InterDisplay-Italic.ttf"; sourceTree = "<group>"; fileEncoding = undefined; lastKnownFileType = unknown; explicitFileType = undefined; includeInIndex = 0; };
		23DA78D2F1A847EBACA95C99 /* InterDisplay-ExtraBoldItalic.ttf */ = {isa = PBXFileReference; name = "InterDisplay-ExtraBoldItalic.ttf"; path = "../assets/fonts/InterDisplay-ExtraBoldItalic.ttf"; sourceTree = "<group>"; fileEncoding = undefined; lastKnownFileType = unknown; explicitFileType = undefined; includeInIndex = 0; };
		554E716C969644A48F124A4C /* JetBrainsMonoNL-ExtraBold.ttf */ = {isa = PBXFileReference; name = "JetBrainsMonoNL-ExtraBold.ttf"; path = "../assets/fonts/JetBrainsMonoNL-ExtraBold.ttf"; sourceTree = "<group>"; fileEncoding = undefined; lastKnownFileType = unknown; explicitFileType = undefined; includeInIndex = 0; };
		B0228196F8E34FC2A55D51A5 /* InterDisplay-LightItalic.ttf */ = {isa = PBXFileReference; name = "InterDisplay-LightItalic.ttf"; path = "../assets/fonts/InterDisplay-LightItalic.ttf"; sourceTree = "<group>"; fileEncoding = undefined; lastKnownFileType = unknown; explicitFileType = undefined; includeInIndex = 0; };
		080C2A7FD59641BF9DFDA05B /* JetBrainsMono-ExtraLight.ttf */ = {isa = PBXFileReference; name = "JetBrainsMono-ExtraLight.ttf"; path = "../assets/fonts/JetBrainsMono-ExtraLight.ttf"; sourceTree = "<group>"; fileEncoding = undefined; lastKnownFileType = unknown; explicitFileType = undefined; includeInIndex = 0; };
		488DC8C4F0D840608EE6BCD7 /* Inter-BlackItalic.ttf */ = {isa = PBXFileReference; name = "Inter-BlackItalic.ttf"; path = "../assets/fonts/Inter-BlackItalic.ttf"; sourceTree = "<group>"; fileEncoding = undefined; lastKnownFileType = unknown; explicitFileType = undefined; includeInIndex = 0; };
		CC08D6D6B73345BB9614F752 /* JetBrainsMono-Medium.ttf */ = {isa = PBXFileReference; name = "JetBrainsMono-Medium.ttf"; path = "../assets/fonts/JetBrainsMono-Medium.ttf"; sourceTree = "<group>"; fileEncoding = undefined; lastKnownFileType = unknown; explicitFileType = undefined; includeInIndex = 0; };
		F651A57A59C74C66BE609D65 /* Inter-SemiBold.ttf */ = {isa = PBXFileReference; name = "Inter-SemiBold.ttf"; path = "../assets/fonts/Inter-SemiBold.ttf"; sourceTree = "<group>"; fileEncoding = undefined; lastKnownFileType = unknown; explicitFileType = undefined; includeInIndex = 0; };
		A0A8A0F0451D4B758BCD15B7 /* JetBrainsMono-BoldItalic.ttf */ = {isa = PBXFileReference; name = "JetBrainsMono-BoldItalic.ttf"; path = "../assets/fonts/JetBrainsMono-BoldItalic.ttf"; sourceTree = "<group>"; fileEncoding = undefined; lastKnownFileType = unknown; explicitFileType = undefined; includeInIndex = 0; };
		CCA77254898F464281D4BBAD /* InterDisplay-Regular.ttf */ = {isa = PBXFileReference; name = "InterDisplay-Regular.ttf"; path = "../assets/fonts/InterDisplay-Regular.ttf"; sourceTree = "<group>"; fileEncoding = undefined; lastKnownFileType = unknown; explicitFileType = undefined; includeInIndex = 0; };
		3EA85D7A55464F23800B6BA2 /* JetBrainsMonoNL-Bold.ttf */ = {isa = PBXFileReference; name = "JetBrainsMonoNL-Bold.ttf"; path = "../assets/fonts/JetBrainsMonoNL-Bold.ttf"; sourceTree = "<group>"; fileEncoding = undefined; lastKnownFileType = unknown; explicitFileType = undefined; includeInIndex = 0; };
		5DED25918D9D4614AFE240A6 /* InterDisplay-SemiBoldItalic.ttf */ = {isa = PBXFileReference; name = "InterDisplay-SemiBoldItalic.ttf"; path = "../assets/fonts/InterDisplay-SemiBoldItalic.ttf"; sourceTree = "<group>"; fileEncoding = undefined; lastKnownFileType = unknown; explicitFileType = undefined; includeInIndex = 0; };
/* End PBXFileReference section */

/* Begin PBXFrameworksBuildPhase section */
		13B07F8C1A680F5B00A75B9A /* Frameworks */ = {
			isa = PBXFrameworksBuildPhase;
			buildActionMask = 2147483647;
			files = (
				0C80B921A6F3F58F76C31292 /* libPods-ssc_mobile.a in Frameworks */,
			);
			runOnlyForDeploymentPostprocessing = 0;
		};
/* End PBXFrameworksBuildPhase section */

/* Begin PBXGroup section */
		13B07FAE1A68108700A75B9A /* ssc_mobile */ = {
			isa = PBXGroup;
			children = (
				13B07FB51A68108700A75B9A /* Images.xcassets */,
				761780EC2CA45674006654EE /* AppDelegate.swift */,
				13B07FB61A68108700A75B9A /* Info.plist */,
				81AB9BB72411601600AC10FF /* LaunchScreen.storyboard */,
				13B07FB81A68108700A75B9A /* PrivacyInfo.xcprivacy */,
			);
			name = ssc_mobile;
			sourceTree = "<group>";
		};
		2D16E6871FA4F8E400B85C8A /* Frameworks */ = {
			isa = PBXGroup;
			children = (
				ED297162215061F000B7C4FE /* JavaScriptCore.framework */,
				5DCACB8F33CDC322A6C60F78 /* libPods-ssc_mobile.a */,
			);
			name = Frameworks;
			sourceTree = "<group>";
		};
		832341AE1AAA6A7D00B99B32 /* Libraries */ = {
			isa = PBXGroup;
			children = (
			);
			name = Libraries;
			sourceTree = "<group>";
		};
		83CBB9F61A601CBA00E9B192 = {
			isa = PBXGroup;
			children = (
				13B07FAE1A68108700A75B9A /* ssc_mobile */,
				832341AE1AAA6A7D00B99B32 /* Libraries */,
				83CBBA001A601CBA00E9B192 /* Products */,
				2D16E6871FA4F8E400B85C8A /* Frameworks */,
				BBD78D7AC51CEA395F1C20DB /* Pods */,
				149F589AD7724AF788859180 /* Resources */,
			);
			indentWidth = 2;
			sourceTree = "<group>";
			tabWidth = 2;
			usesTabs = 0;
		};
		83CBBA001A601CBA00E9B192 /* Products */ = {
			isa = PBXGroup;
			children = (
				13B07F961A680F5B00A75B9A /* ssc_mobile.app */,
			);
			name = Products;
			sourceTree = "<group>";
		};
		BBD78D7AC51CEA395F1C20DB /* Pods */ = {
			isa = PBXGroup;
			children = (
				3B4392A12AC88292D35C810B /* Pods-ssc_mobile.debug.xcconfig */,
				5709B34CF0A7D63546082F79 /* Pods-ssc_mobile.release.xcconfig */,
			);
			path = Pods;
			sourceTree = "<group>";
		};
		149F589AD7724AF788859180 /* Resources */ = {
			isa = "PBXGroup";
			children = (
				1943B0F0178C4CDAB0E010F9 /* Inter-Medium.ttf */,
				D9A650BAA2074E11A1FA20AF /* InterDisplay-ExtraLightItalic.ttf */,
				F3CFD6B95729408D816F520A /* InterDisplay-Bold.ttf */,
				5E8A30EA45134CE2B8883704 /* JetBrainsMono-Thin.ttf */,
				33FC4905A8374D4E8754AC18 /* Inter-Light.ttf */,
				4C29D21DF6E24E779EC6AF4F /* JetBrainsMono-Bold.ttf */,
				DFFEB8C9A628460C9C4F946E /* JetBrainsMono-Italic.ttf */,
				DC8F49FFFDB74128AD1EE5A7 /* JetBrainsMono-LightItalic.ttf */,
				BBC66D193909491989446DA4 /* Inter-ExtraLightItalic.ttf */,
				7355AA02AAF44D26A8CEAA19 /* JetBrainsMono-Regular.ttf */,
				4B3F2F925C0141CB9335108B /* InterDisplay-Thin.ttf */,
				7B2CACC159B54555A6C94134 /* InterDisplay-Medium.ttf */,
				DA170A9964284007A6A0CFBE /* JetBrainsMonoNL-ExtraLightItalic.ttf */,
				4E9E3351497D4A13916B2FAB /* Inter-SemiBoldItalic.ttf */,
				A96C71A5537946229CBC4C6D /* Inter-Thin.ttf */,
				14202F2101A44A258EA539D8 /* InterDisplay-ExtraLight.ttf */,
				281DDD9E4DD645478F1F782F /* Inter-Bold.ttf */,
				B57221881D454260B289B3E2 /* InterDisplay-SemiBold.ttf */,
				7C6DDF7D6B9641768610ACE0 /* JetBrainsMono-ExtraLightItalic.ttf */,
				6B294E628C5C408D947C70C0 /* JetBrainsMonoNL-ExtraLight.ttf */,
				42BBC7F419554EDF99D5B224 /* JetBrainsMonoNL-MediumItalic.ttf */,
				5D2AE551AA8F4284BE3BFEFF /* JetBrainsMonoNL-ThinItalic.ttf */,
				2F2799813FA149A8A208311D /* JetBrainsMonoNL-Light.ttf */,
				E9C4A59F78FA43E18226C048 /* InterDisplay-Light.ttf */,
				0BBF78F9EFE243C89271873A /* JetBrainsMonoNL-Italic.ttf */,
				2B400128CF794E21B1A3B146 /* InterDisplay-ThinItalic.ttf */,
				D41B392F08F94E628726A09C /* JetBrainsMonoNL-BoldItalic.ttf */,
				AB0A9155C6E149B69F103464 /* InterDisplay-BoldItalic.ttf */,
				3128983E69FE43B6ACF0FE04 /* Inter-Regular.ttf */,
				FA58414EF1724C149E72C488 /* JetBrainsMonoNL-SemiBold.ttf */,
				4482CDCCC06247B3A061B640 /* JetBrainsMono-SemiBoldItalic.ttf */,
				FD5234D71EFE4D5199DB94A2 /* JetBrainsMonoNL-LightItalic.ttf */,
				234FFB3EA1B8411DA6DBA17D /* InterDisplay-Black.ttf */,
				FCBC22124E834BE3B095DFB4 /* JetBrainsMono-Light.ttf */,
				C686EEF736A646E19E6DC842 /* InterDisplay-BlackItalic.ttf */,
				4D41E8CE5A944C95BE4FC2C0 /* JetBrainsMono-MediumItalic.ttf */,
				ACFCBFD5DC034D8993B34AD6 /* JetBrainsMono-ExtraBold.ttf */,
				A8F579D85D194AF5B5E8D80E /* JetBrainsMono-SemiBold.ttf */,
				031C6A8C9ABB4B5AB9C3C1CD /* Inter-LightItalic.ttf */,
				33AA3145766D4569BFC23606 /* Inter-ExtraBold.ttf */,
				C02B2B2D828949C4B351D060 /* Inter-ThinItalic.ttf */,
				560CD98877D542569C2DB913 /* JetBrainsMonoNL-Regular.ttf */,
				B2495CB5FB4542DCA2F3D0DA /* Inter-ExtraLight.ttf */,
				3028D13BD0494682B5932AAD /* Inter-BoldItalic.ttf */,
				F0639B2DD21E4A5FA91BBDB7 /* Inter-ExtraBoldItalic.ttf */,
				0FE55AFD6744473FB73765C6 /* JetBrainsMonoNL-Medium.ttf */,
				1FE4620CC57746208C160166 /* InterDisplay-ExtraBold.ttf */,
				CCB69FFA7E6141D29AE86508 /* JetBrainsMonoNL-Thin.ttf */,
				4EA9B1FE53CF4289B9631035 /* Inter-MediumItalic.ttf */,
				C5D4D097B7A6476F9443083D /* Inter-Black.ttf */,
				14B38D280B3D43408920A41D /* JetBrainsMonoNL-SemiBoldItalic.ttf */,
				149860022CD344F1853282A1 /* JetBrainsMonoNL-ExtraBoldItalic.ttf */,
				90C8B2E23F944DA792EE0411 /* Inter-Italic.ttf */,
				C3BA957F0C87461B8742D0D1 /* JetBrainsMono-ExtraBoldItalic.ttf */,
				26E2AA9B2EC140BAA3635FA3 /* InterDisplay-MediumItalic.ttf */,
				74CBFEA73D8F43108F57EB06 /* JetBrainsMono-ThinItalic.ttf */,
				5571E7424C5C4AE0BB51062A /* InterDisplay-Italic.ttf */,
				23DA78D2F1A847EBACA95C99 /* InterDisplay-ExtraBoldItalic.ttf */,
				554E716C969644A48F124A4C /* JetBrainsMonoNL-ExtraBold.ttf */,
				B0228196F8E34FC2A55D51A5 /* InterDisplay-LightItalic.ttf */,
				080C2A7FD59641BF9DFDA05B /* JetBrainsMono-ExtraLight.ttf */,
				488DC8C4F0D840608EE6BCD7 /* Inter-BlackItalic.ttf */,
				CC08D6D6B73345BB9614F752 /* JetBrainsMono-Medium.ttf */,
				F651A57A59C74C66BE609D65 /* Inter-SemiBold.ttf */,
				A0A8A0F0451D4B758BCD15B7 /* JetBrainsMono-BoldItalic.ttf */,
				CCA77254898F464281D4BBAD /* InterDisplay-Regular.ttf */,
				3EA85D7A55464F23800B6BA2 /* JetBrainsMonoNL-Bold.ttf */,
				5DED25918D9D4614AFE240A6 /* InterDisplay-SemiBoldItalic.ttf */,
			);
			name = Resources;
			sourceTree = "<group>";
			path = "";
		};
/* End PBXGroup section */

/* Begin PBXNativeTarget section */
		13B07F861A680F5B00A75B9A /* ssc_mobile */ = {
			isa = PBXNativeTarget;
			buildConfigurationList = 13B07F931A680F5B00A75B9A /* Build configuration list for PBXNativeTarget "ssc_mobile" */;
			buildPhases = (
				C38B50BA6285516D6DCD4F65 /* [CP] Check Pods Manifest.lock */,
				13B07F871A680F5B00A75B9A /* Sources */,
				13B07F8C1A680F5B00A75B9A /* Frameworks */,
				13B07F8E1A680F5B00A75B9A /* Resources */,
				00DD1BFF1BD5951E006B06BC /* Bundle React Native code and images */,
				00EEFC60759A1932668264C0 /* [CP] Embed Pods Frameworks */,
				E235C05ADACE081382539298 /* [CP] Copy Pods Resources */,
			);
			buildRules = (
			);
			dependencies = (
			);
			name = ssc_mobile;
			productName = ssc_mobile;
			productReference = 13B07F961A680F5B00A75B9A /* ssc_mobile.app */;
			productType = "com.apple.product-type.application";
		};
/* End PBXNativeTarget section */

/* Begin PBXProject section */
		83CBB9F71A601CBA00E9B192 /* Project object */ = {
			isa = PBXProject;
			attributes = {
				LastUpgradeCheck = 1210;
				TargetAttributes = {
					13B07F861A680F5B00A75B9A = {
						LastSwiftMigration = 1120;
					};
				};
			};
			buildConfigurationList = 83CBB9FA1A601CBA00E9B192 /* Build configuration list for PBXProject "ssc_mobile" */;
			compatibilityVersion = "Xcode 12.0";
			developmentRegion = en;
			hasScannedForEncodings = 0;
			knownRegions = (
				en,
				Base,
			);
			mainGroup = 83CBB9F61A601CBA00E9B192;
			productRefGroup = 83CBBA001A601CBA00E9B192 /* Products */;
			projectDirPath = "";
			projectRoot = "";
			targets = (
				13B07F861A680F5B00A75B9A /* ssc_mobile */,
			);
		};
/* End PBXProject section */

/* Begin PBXResourcesBuildPhase section */
		13B07F8E1A680F5B00A75B9A /* Resources */ = {
			isa = PBXResourcesBuildPhase;
			buildActionMask = 2147483647;
			files = (
				81AB9BB82411601600AC10FF /* LaunchScreen.storyboard in Resources */,
				13B07FBF1A68108700A75B9A /* Images.xcassets in Resources */,
				8F711A27C9C29C41117A34AE /* PrivacyInfo.xcprivacy in Resources */,
				AA744669F6E343EDB8478E06 /* Inter-Medium.ttf in Resources */,
				AD5B01F4CEFF42BE8A5F53DB /* InterDisplay-ExtraLightItalic.ttf in Resources */,
				96B639464BAA48269845D70B /* InterDisplay-Bold.ttf in Resources */,
				C0C988C6F5224F18B9075C24 /* JetBrainsMono-Thin.ttf in Resources */,
				5107212C1DE74EA7924A88E8 /* Inter-Light.ttf in Resources */,
				F6E17B7955044B8BAFF2DB85 /* JetBrainsMono-Bold.ttf in Resources */,
				82E783FA4D7942D2B50A2328 /* JetBrainsMono-Italic.ttf in Resources */,
				04122FF4F3014412A87091BD /* JetBrainsMono-LightItalic.ttf in Resources */,
				86F5E00D1B094A7381BDE25E /* Inter-ExtraLightItalic.ttf in Resources */,
				8FB1431DAD324AAFA63B7A21 /* JetBrainsMono-Regular.ttf in Resources */,
				88D63DF0D8A74A6FA0C3AC01 /* InterDisplay-Thin.ttf in Resources */,
				13FB55BFD9174AC4BB484418 /* InterDisplay-Medium.ttf in Resources */,
				1FCE30B1382345FEBB2B7814 /* JetBrainsMonoNL-ExtraLightItalic.ttf in Resources */,
				B82BC73D34B24C4AA9DFA420 /* Inter-SemiBoldItalic.ttf in Resources */,
				5E1910F74F304A77B62CD88E /* Inter-Thin.ttf in Resources */,
				AA0CD5E61ABD4D8B87BDEBE3 /* InterDisplay-ExtraLight.ttf in Resources */,
				BCF5B0A245F647B2972D7BD9 /* Inter-Bold.ttf in Resources */,
				B3A29E9750B249C0B641D364 /* InterDisplay-SemiBold.ttf in Resources */,
				CB1E038621D94B51A6A30F84 /* JetBrainsMono-ExtraLightItalic.ttf in Resources */,
				07D48CCDEFE94460A70523D7 /* JetBrainsMonoNL-ExtraLight.ttf in Resources */,
				22D96809FC874B5C9578A0E0 /* JetBrainsMonoNL-MediumItalic.ttf in Resources */,
				DE30F5403FB545E684F4C596 /* JetBrainsMonoNL-ThinItalic.ttf in Resources */,
				B5C4418D300A4EDBAB5E0A01 /* JetBrainsMonoNL-Light.ttf in Resources */,
				9EAB7A839A434E07AC2719EC /* InterDisplay-Light.ttf in Resources */,
				A02EFD0948304B8194136CD5 /* JetBrainsMonoNL-Italic.ttf in Resources */,
				D6F99ED15C734424B78C9A74 /* InterDisplay-ThinItalic.ttf in Resources */,
				74DD2AA200CA464D847BBDEA /* JetBrainsMonoNL-BoldItalic.ttf in Resources */,
				13987C9240874B37B2F5B561 /* InterDisplay-BoldItalic.ttf in Resources */,
				18510047628D4A9F8B097648 /* Inter-Regular.ttf in Resources */,
				DC001993AA9943C8BDD3A056 /* JetBrainsMonoNL-SemiBold.ttf in Resources */,
				69C0D99780EC40E4978B9488 /* JetBrainsMono-SemiBoldItalic.ttf in Resources */,
				E6C1F18E8916471DAF013AD3 /* JetBrainsMonoNL-LightItalic.ttf in Resources */,
				0E59987A97594497882895F0 /* InterDisplay-Black.ttf in Resources */,
				E378D44F9463432D9F9E0D01 /* JetBrainsMono-Light.ttf in Resources */,
				C1A8EAAEDCB24A6C94A9D703 /* InterDisplay-BlackItalic.ttf in Resources */,
				9439E912CBB84154BBA24EDC /* JetBrainsMono-MediumItalic.ttf in Resources */,
				7693EDDDCA5E48ADB7147B38 /* JetBrainsMono-ExtraBold.ttf in Resources */,
				19BCEEFD589E49E280C2F322 /* JetBrainsMono-SemiBold.ttf in Resources */,
				5B219E085411448D87EF4668 /* Inter-LightItalic.ttf in Resources */,
				A7C30BA19AAE442ABB68F0D4 /* Inter-ExtraBold.ttf in Resources */,
				407EAF7595F247599D732E01 /* Inter-ThinItalic.ttf in Resources */,
				8397F7365FDC4AFDA5F318C1 /* JetBrainsMonoNL-Regular.ttf in Resources */,
				E4368C3785444550B8494790 /* Inter-ExtraLight.ttf in Resources */,
				BDD09556363B43E187C2332B /* Inter-BoldItalic.ttf in Resources */,
				72DDEC917BA44B2E987CDDB1 /* Inter-ExtraBoldItalic.ttf in Resources */,
				8EB1F1E9FFF644C5A7DE6D52 /* JetBrainsMonoNL-Medium.ttf in Resources */,
				DD87E3F2BECD4BCBB838CBBB /* InterDisplay-ExtraBold.ttf in Resources */,
				266CD666C67546F4864C0DAB /* JetBrainsMonoNL-Thin.ttf in Resources */,
				1628FE8682964628ACADC5A7 /* Inter-MediumItalic.ttf in Resources */,
				9226C0071D314F68AD073D32 /* Inter-Black.ttf in Resources */,
				1EAE8143E55E4E9C8446D83B /* JetBrainsMonoNL-SemiBoldItalic.ttf in Resources */,
				176621E8D52540F6A8C0B5A2 /* JetBrainsMonoNL-ExtraBoldItalic.ttf in Resources */,
				E211A72078C74F70B21886DF /* Inter-Italic.ttf in Resources */,
				17DE64D7BD3A43D3BAFF2B6F /* JetBrainsMono-ExtraBoldItalic.ttf in Resources */,
				5B05103616D94F0FAA3974B2 /* InterDisplay-MediumItalic.ttf in Resources */,
				E6BE508091284BE0945AD5EC /* JetBrainsMono-ThinItalic.ttf in Resources */,
				6D24BEBC733F42D5B401C4A7 /* InterDisplay-Italic.ttf in Resources */,
				F708696CD2A043A2A63472BA /* InterDisplay-ExtraBoldItalic.ttf in Resources */,
				7B0F9D94EC32428EA7714181 /* JetBrainsMonoNL-ExtraBold.ttf in Resources */,
				694F3FDF6EC54E8FAEC23F2A /* InterDisplay-LightItalic.ttf in Resources */,
				956CC2DFA4574410968DC965 /* JetBrainsMono-ExtraLight.ttf in Resources */,
				9F284E75CED440AF8338149C /* Inter-BlackItalic.ttf in Resources */,
				C55D9FD8503848459437F868 /* JetBrainsMono-Medium.ttf in Resources */,
				9D7869DA86024A79A55812CF /* Inter-SemiBold.ttf in Resources */,
				73EE44BA04AB4E69B8E57A07 /* JetBrainsMono-BoldItalic.ttf in Resources */,
				3271A7121D794FC1AA747348 /* InterDisplay-Regular.ttf in Resources */,
				B9BB07BE7C90474EA9766C89 /* JetBrainsMonoNL-Bold.ttf in Resources */,
				CFF881CEFB734ABC94C1FB35 /* InterDisplay-SemiBoldItalic.ttf in Resources */,
			);
			runOnlyForDeploymentPostprocessing = 0;
		};
/* End PBXResourcesBuildPhase section */

/* Begin PBXShellScriptBuildPhase section */
		00DD1BFF1BD5951E006B06BC /* Bundle React Native code and images */ = {
			isa = PBXShellScriptBuildPhase;
			buildActionMask = 2147483647;
			files = (
			);
			inputPaths = (
				"$(SRCROOT)/.xcode.env.local",
				"$(SRCROOT)/.xcode.env",
			);
			name = "Bundle React Native code and images";
			outputPaths = (
			);
			runOnlyForDeploymentPostprocessing = 0;
			shellPath = /bin/sh;
			shellScript = "set -e\n\nWITH_ENVIRONMENT=\"$REACT_NATIVE_PATH/scripts/xcode/with-environment.sh\"\nREACT_NATIVE_XCODE=\"$REACT_NATIVE_PATH/scripts/react-native-xcode.sh\"\n\n/bin/sh -c \"\\\"$WITH_ENVIRONMENT\\\" \\\"$REACT_NATIVE_XCODE\\\"\"\n";
		};
		00EEFC60759A1932668264C0 /* [CP] Embed Pods Frameworks */ = {
			isa = PBXShellScriptBuildPhase;
			buildActionMask = 2147483647;
			files = (
			);
			inputFileListPaths = (
				"${PODS_ROOT}/Target Support Files/Pods-ssc_mobile/Pods-ssc_mobile-frameworks-${CONFIGURATION}-input-files.xcfilelist",
			);
			name = "[CP] Embed Pods Frameworks";
			outputFileListPaths = (
				"${PODS_ROOT}/Target Support Files/Pods-ssc_mobile/Pods-ssc_mobile-frameworks-${CONFIGURATION}-output-files.xcfilelist",
			);
			runOnlyForDeploymentPostprocessing = 0;
			shellPath = /bin/sh;
			shellScript = "\"${PODS_ROOT}/Target Support Files/Pods-ssc_mobile/Pods-ssc_mobile-frameworks.sh\"\n";
			showEnvVarsInLog = 0;
		};
		C38B50BA6285516D6DCD4F65 /* [CP] Check Pods Manifest.lock */ = {
			isa = PBXShellScriptBuildPhase;
			buildActionMask = 2147483647;
			files = (
			);
			inputFileListPaths = (
			);
			inputPaths = (
				"${PODS_PODFILE_DIR_PATH}/Podfile.lock",
				"${PODS_ROOT}/Manifest.lock",
			);
			name = "[CP] Check Pods Manifest.lock";
			outputFileListPaths = (
			);
			outputPaths = (
				"$(DERIVED_FILE_DIR)/Pods-ssc_mobile-checkManifestLockResult.txt",
			);
			runOnlyForDeploymentPostprocessing = 0;
			shellPath = /bin/sh;
			shellScript = "diff \"${PODS_PODFILE_DIR_PATH}/Podfile.lock\" \"${PODS_ROOT}/Manifest.lock\" > /dev/null\nif [ $? != 0 ] ; then\n    # print error to STDERR\n    echo \"error: The sandbox is not in sync with the Podfile.lock. Run 'pod install' or update your CocoaPods installation.\" >&2\n    exit 1\nfi\n# This output is used by Xcode 'outputs' to avoid re-running this script phase.\necho \"SUCCESS\" > \"${SCRIPT_OUTPUT_FILE_0}\"\n";
			showEnvVarsInLog = 0;
		};
		E235C05ADACE081382539298 /* [CP] Copy Pods Resources */ = {
			isa = PBXShellScriptBuildPhase;
			buildActionMask = 2147483647;
			files = (
			);
			inputFileListPaths = (
				"${PODS_ROOT}/Target Support Files/Pods-ssc_mobile/Pods-ssc_mobile-resources-${CONFIGURATION}-input-files.xcfilelist",
			);
			name = "[CP] Copy Pods Resources";
			outputFileListPaths = (
				"${PODS_ROOT}/Target Support Files/Pods-ssc_mobile/Pods-ssc_mobile-resources-${CONFIGURATION}-output-files.xcfilelist",
			);
			runOnlyForDeploymentPostprocessing = 0;
			shellPath = /bin/sh;
			shellScript = "\"${PODS_ROOT}/Target Support Files/Pods-ssc_mobile/Pods-ssc_mobile-resources.sh\"\n";
			showEnvVarsInLog = 0;
		};
/* End PBXShellScriptBuildPhase section */

/* Begin PBXSourcesBuildPhase section */
		13B07F871A680F5B00A75B9A /* Sources */ = {
			isa = PBXSourcesBuildPhase;
			buildActionMask = 2147483647;
			files = (
				761780ED2CA45674006654EE /* AppDelegate.swift in Sources */,
			);
			runOnlyForDeploymentPostprocessing = 0;
		};
/* End PBXSourcesBuildPhase section */

/* Begin XCBuildConfiguration section */
		13B07F941A680F5B00A75B9A /* Debug */ = {
			isa = XCBuildConfiguration;
			baseConfigurationReference = 3B4392A12AC88292D35C810B /* Pods-ssc_mobile.debug.xcconfig */;
			buildSettings = {
				ASSETCATALOG_COMPILER_APPICON_NAME = AppIcon;
				CLANG_ENABLE_MODULES = YES;
				CURRENT_PROJECT_VERSION = 1;
				ENABLE_BITCODE = NO;
				INFOPLIST_FILE = ssc_mobile/Info.plist;
				IPHONEOS_DEPLOYMENT_TARGET = 15.1;
				LD_RUNPATH_SEARCH_PATHS = (
					"$(inherited)",
					"@executable_path/Frameworks",
				);
				MARKETING_VERSION = 1.0;
				OTHER_LDFLAGS = (
					"$(inherited)",
					"-ObjC",
					"-lc++",
				);
				PRODUCT_BUNDLE_IDENTIFIER = "org.reactjs.native.example.$(PRODUCT_NAME:rfc1034identifier)";
				PRODUCT_NAME = ssc_mobile;
				SUPPORTED_PLATFORMS = "iphoneos iphonesimulator";
				SWIFT_OPTIMIZATION_LEVEL = "-Onone";
				SWIFT_VERSION = 5.0;
				TARGETED_DEVICE_FAMILY = "1,2";
				VERSIONING_SYSTEM = "apple-generic";
			};
			name = Debug;
		};
		13B07F951A680F5B00A75B9A /* Release */ = {
			isa = XCBuildConfiguration;
			baseConfigurationReference = 5709B34CF0A7D63546082F79 /* Pods-ssc_mobile.release.xcconfig */;
			buildSettings = {
				ASSETCATALOG_COMPILER_APPICON_NAME = AppIcon;
				CLANG_ENABLE_MODULES = YES;
				CURRENT_PROJECT_VERSION = 1;
				INFOPLIST_FILE = ssc_mobile/Info.plist;
				IPHONEOS_DEPLOYMENT_TARGET = 15.1;
				LD_RUNPATH_SEARCH_PATHS = (
					"$(inherited)",
					"@executable_path/Frameworks",
				);
				MARKETING_VERSION = 1.0;
				OTHER_LDFLAGS = (
					"$(inherited)",
					"-ObjC",
					"-lc++",
				);
				PRODUCT_BUNDLE_IDENTIFIER = "org.reactjs.native.example.$(PRODUCT_NAME:rfc1034identifier)";
				PRODUCT_NAME = ssc_mobile;
				SUPPORTED_PLATFORMS = "iphoneos iphonesimulator";
				SWIFT_VERSION = 5.0;
				TARGETED_DEVICE_FAMILY = "1,2";
				VERSIONING_SYSTEM = "apple-generic";
			};
			name = Release;
		};
		83CBBA201A601CBA00E9B192 /* Debug */ = {
			isa = XCBuildConfiguration;
			buildSettings = {
				ALWAYS_SEARCH_USER_PATHS = NO;
				CLANG_ANALYZER_LOCALIZABILITY_NONLOCALIZED = YES;
				CLANG_CXX_LANGUAGE_STANDARD = "c++20";
				CLANG_CXX_LIBRARY = "libc++";
				CLANG_ENABLE_MODULES = YES;
				CLANG_ENABLE_OBJC_ARC = YES;
				CLANG_WARN_BLOCK_CAPTURE_AUTORELEASING = YES;
				CLANG_WARN_BOOL_CONVERSION = YES;
				CLANG_WARN_COMMA = YES;
				CLANG_WARN_CONSTANT_CONVERSION = YES;
				CLANG_WARN_DEPRECATED_OBJC_IMPLEMENTATIONS = YES;
				CLANG_WARN_DIRECT_OBJC_ISA_USAGE = YES_ERROR;
				CLANG_WARN_EMPTY_BODY = YES;
				CLANG_WARN_ENUM_CONVERSION = YES;
				CLANG_WARN_INFINITE_RECURSION = YES;
				CLANG_WARN_INT_CONVERSION = YES;
				CLANG_WARN_NON_LITERAL_NULL_CONVERSION = YES;
				CLANG_WARN_OBJC_IMPLICIT_RETAIN_SELF = YES;
				CLANG_WARN_OBJC_LITERAL_CONVERSION = YES;
				CLANG_WARN_OBJC_ROOT_CLASS = YES_ERROR;
				CLANG_WARN_QUOTED_INCLUDE_IN_FRAMEWORK_HEADER = YES;
				CLANG_WARN_RANGE_LOOP_ANALYSIS = YES;
				CLANG_WARN_STRICT_PROTOTYPES = YES;
				CLANG_WARN_SUSPICIOUS_MOVE = YES;
				CLANG_WARN_UNREACHABLE_CODE = YES;
				CLANG_WARN__DUPLICATE_METHOD_MATCH = YES;
				"CODE_SIGN_IDENTITY[sdk=iphoneos*]" = "iPhone Developer";
				COPY_PHASE_STRIP = NO;
				ENABLE_STRICT_OBJC_MSGSEND = YES;
				ENABLE_TESTABILITY = YES;
				"EXCLUDED_ARCHS[sdk=iphonesimulator*]" = "";
				GCC_C_LANGUAGE_STANDARD = gnu99;
				GCC_DYNAMIC_NO_PIC = NO;
				GCC_NO_COMMON_BLOCKS = YES;
				GCC_OPTIMIZATION_LEVEL = 0;
				GCC_PREPROCESSOR_DEFINITIONS = (
					"DEBUG=1",
					"$(inherited)",
				);
				GCC_SYMBOLS_PRIVATE_EXTERN = NO;
				GCC_WARN_64_TO_32_BIT_CONVERSION = YES;
				GCC_WARN_ABOUT_RETURN_TYPE = YES_ERROR;
				GCC_WARN_UNDECLARED_SELECTOR = YES;
				GCC_WARN_UNINITIALIZED_AUTOS = YES_AGGRESSIVE;
				GCC_WARN_UNUSED_FUNCTION = YES;
				GCC_WARN_UNUSED_VARIABLE = YES;
				IPHONEOS_DEPLOYMENT_TARGET = 15.1;
				LD_RUNPATH_SEARCH_PATHS = (
					/usr/lib/swift,
					"$(inherited)",
				);
				LIBRARY_SEARCH_PATHS = (
					"\"$(SDKROOT)/usr/lib/swift\"",
					"\"$(TOOLCHAIN_DIR)/usr/lib/swift/$(PLATFORM_NAME)\"",
					"\"$(inherited)\"",
				);
				MTL_ENABLE_DEBUG_INFO = YES;
				ONLY_ACTIVE_ARCH = YES;
				OTHER_CFLAGS = (
					"$(inherited)",
					"-DRCT_REMOVE_LEGACY_ARCH=1",
				);
				OTHER_CPLUSPLUSFLAGS = (
					"$(OTHER_CFLAGS)",
					"-DFOLLY_NO_CONFIG",
					"-DFOLLY_MOBILE=1",
					"-DFOLLY_USE_LIBCPP=1",
					"-DFOLLY_CFG_NO_COROUTINES=1",
					"-DFOLLY_HAVE_CLOCK_GETTIME=1",
					"-DRCT_REMOVE_LEGACY_ARCH=1",
				);
				PODFILE_DIR = "$(SRCROOT)";
				REACT_NATIVE_PATH = "${PODS_ROOT}/../../node_modules/react-native";
				SDKROOT = iphoneos;
				SWIFT_ACTIVE_COMPILATION_CONDITIONS = "$(inherited) DEBUG";
				USE_HERMES = true;
			};
			name = Debug;
		};
		83CBBA211A601CBA00E9B192 /* Release */ = {
			isa = XCBuildConfiguration;
			buildSettings = {
				ALWAYS_SEARCH_USER_PATHS = NO;
				CLANG_ANALYZER_LOCALIZABILITY_NONLOCALIZED = YES;
				CLANG_CXX_LANGUAGE_STANDARD = "c++20";
				CLANG_CXX_LIBRARY = "libc++";
				CLANG_ENABLE_MODULES = YES;
				CLANG_ENABLE_OBJC_ARC = YES;
				CLANG_WARN_BLOCK_CAPTURE_AUTORELEASING = YES;
				CLANG_WARN_BOOL_CONVERSION = YES;
				CLANG_WARN_COMMA = YES;
				CLANG_WARN_CONSTANT_CONVERSION = YES;
				CLANG_WARN_DEPRECATED_OBJC_IMPLEMENTATIONS = YES;
				CLANG_WARN_DIRECT_OBJC_ISA_USAGE = YES_ERROR;
				CLANG_WARN_EMPTY_BODY = YES;
				CLANG_WARN_ENUM_CONVERSION = YES;
				CLANG_WARN_INFINITE_RECURSION = YES;
				CLANG_WARN_INT_CONVERSION = YES;
				CLANG_WARN_NON_LITERAL_NULL_CONVERSION = YES;
				CLANG_WARN_OBJC_IMPLICIT_RETAIN_SELF = YES;
				CLANG_WARN_OBJC_LITERAL_CONVERSION = YES;
				CLANG_WARN_OBJC_ROOT_CLASS = YES_ERROR;
				CLANG_WARN_QUOTED_INCLUDE_IN_FRAMEWORK_HEADER = YES;
				CLANG_WARN_RANGE_LOOP_ANALYSIS = YES;
				CLANG_WARN_STRICT_PROTOTYPES = YES;
				CLANG_WARN_SUSPICIOUS_MOVE = YES;
				CLANG_WARN_UNREACHABLE_CODE = YES;
				CLANG_WARN__DUPLICATE_METHOD_MATCH = YES;
				"CODE_SIGN_IDENTITY[sdk=iphoneos*]" = "iPhone Developer";
				COPY_PHASE_STRIP = YES;
				ENABLE_NS_ASSERTIONS = NO;
				ENABLE_STRICT_OBJC_MSGSEND = YES;
				"EXCLUDED_ARCHS[sdk=iphonesimulator*]" = "";
				GCC_C_LANGUAGE_STANDARD = gnu99;
				GCC_NO_COMMON_BLOCKS = YES;
				GCC_WARN_64_TO_32_BIT_CONVERSION = YES;
				GCC_WARN_ABOUT_RETURN_TYPE = YES_ERROR;
				GCC_WARN_UNDECLARED_SELECTOR = YES;
				GCC_WARN_UNINITIALIZED_AUTOS = YES_AGGRESSIVE;
				GCC_WARN_UNUSED_FUNCTION = YES;
				GCC_WARN_UNUSED_VARIABLE = YES;
				IPHONEOS_DEPLOYMENT_TARGET = 15.1;
				LD_RUNPATH_SEARCH_PATHS = (
					/usr/lib/swift,
					"$(inherited)",
				);
				LIBRARY_SEARCH_PATHS = (
					"\"$(SDKROOT)/usr/lib/swift\"",
					"\"$(TOOLCHAIN_DIR)/usr/lib/swift/$(PLATFORM_NAME)\"",
					"\"$(inherited)\"",
				);
				MTL_ENABLE_DEBUG_INFO = NO;
				OTHER_CFLAGS = (
					"$(inherited)",
					"-DRCT_REMOVE_LEGACY_ARCH=1",
				);
				OTHER_CPLUSPLUSFLAGS = (
					"$(OTHER_CFLAGS)",
					"-DFOLLY_NO_CONFIG",
					"-DFOLLY_MOBILE=1",
					"-DFOLLY_USE_LIBCPP=1",
					"-DFOLLY_CFG_NO_COROUTINES=1",
					"-DFOLLY_HAVE_CLOCK_GETTIME=1",
					"-DRCT_REMOVE_LEGACY_ARCH=1",
				);
				PODFILE_DIR = "$(SRCROOT)";
				REACT_NATIVE_PATH = "${PODS_ROOT}/../../node_modules/react-native";
				SDKROOT = iphoneos;
				USE_HERMES = true;
				VALIDATE_PRODUCT = YES;
			};
			name = Release;
		};
/* End XCBuildConfiguration section */

/* Begin XCConfigurationList section */
		13B07F931A680F5B00A75B9A /* Build configuration list for PBXNativeTarget "ssc_mobile" */ = {
			isa = XCConfigurationList;
			buildConfigurations = (
				13B07F941A680F5B00A75B9A /* Debug */,
				13B07F951A680F5B00A75B9A /* Release */,
			);
			defaultConfigurationIsVisible = 0;
			defaultConfigurationName = Release;
		};
		83CBB9FA1A601CBA00E9B192 /* Build configuration list for PBXProject "ssc_mobile" */ = {
			isa = XCConfigurationList;
			buildConfigurations = (
				83CBBA201A601CBA00E9B192 /* Debug */,
				83CBBA211A601CBA00E9B192 /* Release */,
			);
			defaultConfigurationIsVisible = 0;
			defaultConfigurationName = Release;
		};
/* End XCConfigurationList section */
	};
	rootObject = 83CBB9F71A601CBA00E9B192 /* Project object */;
}
